Microsoft Visual Studio Solution File, Format Version 12.00
# Visual Studio Version 17
VisualStudioVersion = 17.5.2.0
MinimumVisualStudioVersion = 10.0.40219.1
Project("{FAE04EC0-301F-11D3-BF4B-00C04F79EFBC}") = "grievancetesting", "grievancetesting\grievancetesting.csproj", "{5DE6F77D-7CBF-DA95-EAC1-69DB8B74FBED}"
EndProject
Global
	GlobalSection(SolutionConfigurationPlatforms) = preSolution
		Debug|Any CPU = Debug|Any CPU
		Release|Any CPU = Release|Any CPU
	EndGlobalSection
	GlobalSection(ProjectConfigurationPlatforms) = postSolution
		{5DE6F77D-7CBF-DA95-EAC1-69DB8B74FBED}.Debug|Any CPU.ActiveCfg = Debug|Any CPU
		{5DE6F77D-7CBF-DA95-EAC1-69DB8B74FBED}.Debug|Any CPU.Build.0 = Debug|Any CPU
		{5DE6F77D-7CBF-DA95-EAC1-69DB8B74FBED}.Release|Any CPU.ActiveCfg = Release|Any CPU
		{5DE6F77D-7CBF-DA95-EAC1-69DB8B74FBED}.Release|Any CPU.Build.0 = Release|Any CPU
	EndGlobalSection
	GlobalSection(SolutionProperties) = preSolution
		HideSolutionNode = FALSE
	EndGlobalSection
	GlobalSection(ExtensibilityGlobals) = postSolution
		SolutionGuid = {622F60C8-D076-42C8-91DF-63CA37F4DA0B}
	EndGlobalSection
EndGlobal
